Microsoft Visual Studio Solution File, Format Version 11.00
# Visual Studio 2008

Project("{FC23FD35-5AB4-C475-DD84-215B10861E71}") = "GenericCardGame", "Assembly-CSharp.csproj", "{C8FF757D-A0AC-3FC1-A4E1-E2CE434A9643}"
EndProject
Global
	GlobalSection(SolutionConfigurationPlatforms) = preSolution
		Debug|Any CPU = Debug|Any CPU
		Release|Any CPU = Release|Any CPU
	EndGlobalSection
	GlobalSection(ProjectConfigurationPlatforms) = postSolution
		{C8FF757D-A0AC-3FC1-A4E1-E2CE434A9643}.Debug|Any CPU.ActiveCfg = Debug|Any CPU
		{C8FF757D-A0AC-3FC1-A4E1-E2CE434A9643}.Debug|Any CPU.Build.0 = Debug|Any CPU
		{C8FF757D-A0AC-3FC1-A4E1-E2CE434A9643}.Release|Any CPU.ActiveCfg = Release|Any CPU
		{C8FF757D-A0AC-3FC1-A4E1-E2CE434A9643}.Release|Any CPU.Build.0 = Release|Any CPU
	EndGlobalSection
	GlobalSection(SolutionProperties) = preSolution
		HideSolutionNode = FALSE
	EndGlobalSection
	GlobalSection(MonoDevelopProperties) = preSolution
		StartupItem = Assembly-CSharp.csproj
	EndGlobalSection
EndGlobal
